dependencies:
- name: common
  repository: file://../common
  version: 4.5.3
- name: redis
  repository: https://charts.bitnami.com/bitnami
  version: 16.13.1
- name: mongodb
  repository: https://charts.bitnami.com/bitnami
  version: 12.1.22
digest: sha256:4299976f74bb62ccf73f636d3d671ba8e7b858241cbd857fe5e27803f5e0cb81
generated: "2024-03-15T13:10:27.759762+11:00"
