dependencies:
- name: meilisearch
  repository: https://meilisearch.github.io/meilisearch-kubernetes
  version: 0.12.0
- name: redis
  repository: oci://registry-1.docker.io/bitnamicharts
  version: 20.13.4
- name: mongodb
  repository: oci://registry-1.docker.io/bitnamicharts
  version: 16.4.3
digest: sha256:3d055ce07d18c9a515365ac63ab7cf41c1ebdd5a52c5989f8368161c2b24f28b
generated: "2025-12-31T15:26:48.433743842Z"
