dependencies:
- name: meilisearch
  repository: https://meilisearch.github.io/meilisearch-kubernetes
  version: 0.11.0
- name: redis
  repository: oci://registry-1.docker.io/bitnamicharts
  version: 20.6.1
- name: mongodb
  repository: oci://registry-1.docker.io/bitnamicharts
  version: 16.4.0
digest: sha256:2cdc652e682fdeda5ec83ba780de02cd687225a4019030bfcb224ca5e6b362d6
generated: "2024-12-23T23:28:38.873652558Z"
