dependencies:
- name: meilisearch
  repository: https://meilisearch.github.io/meilisearch-kubernetes
  version: 0.12.0
- name: redis
  repository: oci://registry-1.docker.io/bitnamicharts
  version: 24.1.0
- name: mongodb
  repository: oci://registry-1.docker.io/bitnamicharts
  version: 16.4.3
digest: sha256:6b02a126bd10c20b78685bffbca1c6d7bc289d82dd0049b30d6195fabc0c39fa
generated: "2026-01-03T05:31:01.923163417Z"
